hash: e2c113f02cb3278a16c9cec84e4ec04f0aa7bf8ce19dccc83fa12c01da977435
updated: 2018-12-27T18:44:48.180334827+08:00
imports:
- name: github.com/BurntSushi/toml
  version: 3012a1dbe2e4bd1391d42b32f0577cb7bbc7f005
- name: github.com/mailru/easyjson
  version: 60711f1a8329503b04e1c88535f419d0bb440bff
  subpackages:
  - buffer
  - jlexer
  - jwriter
- name: github.com/olivere/elastic
  version: 1619150b007041b6dba8aa447f0e2d151cc2b4c5
  subpackages:
  - config
  - uritemplates
- name: github.com/pkg/errors
  version: 059132a15dd08d6704c67711dae0cf35ab991756
- name: gopkg.in/olivere/elastic.v5
  version: 1619150b007041b6dba8aa447f0e2d151cc2b4c5
testImports: []
