hash: a7696dc0274cca97cc617bcb0670dd5dc5518cc513068b31d368e2c054ac4a89
updated: 2018-12-27T15:46:06.518041237+08:00
imports:
- name: github.com/mailru/easyjson
  version: 60711f1a8329503b04e1c88535f419d0bb440bff
  subpackages:
  - buffer
  - jlexer
  - jwriter
- name: github.com/olivere/elastic
  version: 1619150b007041b6dba8aa447f0e2d151cc2b4c5
  subpackages:
  - config
  - uritemplates
- name: github.com/pkg/errors
  version: 059132a15dd08d6704c67711dae0cf35ab991756
- name: gopkg.in/olivere/elastic.v5
  version: 1619150b007041b6dba8aa447f0e2d151cc2b4c5
testImports: []
